<?xml version="1.0" encoding="utf-8"?>
<Project ToolsVersion="4.0" xmlns="http://schemas.microsoft.com/developer/msbuild/2003">
  <ItemGroup>
    <Filter Include="Main">
      <UniqueIdentifier>{7afddd9f-18cd-4028-9c7d-6baf980ec153}</UniqueIdentifier>
    </Filter>
    <Filter Include="GFx3">
      <UniqueIdentifier>{aca11580-a318-4d11-8aad-7f3383950cdc}</UniqueIdentifier>
    </Filter>
    <Filter Include="Lobby2">
      <UniqueIdentifier>{e0b69d6b-8c8c-4c0f-9cf2-d0206029a8e3}</UniqueIdentifier>
    </Filter>
    <Filter Include="RoomsPlugin">
      <UniqueIdentifier>{7573ab41-bef8-47c8-869e-7efa2463b8e2}</UniqueIdentifier>
    </Filter>
  </ItemGroup>
  <ItemGroup>
    <ClCompile Include="..\RoomsBrowserGFx3.cpp">
      <Filter>Main</Filter>
    </ClCompile>
    <ClCompile Include="RoomsBrowserGFx3_RakNet.cpp">
      <Filter>Main</Filter>
    </ClCompile>
    <ClCompile Include="..\..\..\DependentExtensions\XML\xmlParser.cpp">
      <Filter>Main</Filter>
    </ClCompile>
    <ClCompile Include="..\GFxPlayerTinyD3D9.cpp">
      <Filter>GFx3</Filter>
    </ClCompile>
    <ClCompile Include="..\..\..\DependentExtensions\Lobby2\Rooms\IntervalTimer.cpp">
      <Filter>RoomsPlugin</Filter>
    </ClCompile>
    <ClCompile Include="..\..\..\DependentExtensions\Lobby2\Rooms\ProfanityFilter.cpp">
      <Filter>RoomsPlugin</Filter>
    </ClCompile>
    <ClCompile Include="..\..\..\DependentExtensions\Lobby2\Rooms\RoomsContainer.cpp">
      <Filter>RoomsPlugin</Filter>
    </ClCompile>
    <ClCompile Include="..\..\..\DependentExtensions\Lobby2\Rooms\RoomsErrorCodes.cpp">
      <Filter>RoomsPlugin</Filter>
    </ClCompile>
    <ClCompile Include="..\..\..\DependentExtensions\Lobby2\Rooms\RoomsPlugin.cpp">
      <Filter>RoomsPlugin</Filter>
    </ClCompile>
    <ClCompile Include="..\..\..\DependentExtensions\Lobby2\Rooms\RoomTypes.cpp">
      <Filter>RoomsPlugin</Filter>
    </ClCompile>
  </ItemGroup>
  <ItemGroup>
    <ClInclude Include="..\RoomsBrowserGFx3.h">
      <Filter>Main</Filter>
    </ClInclude>
    <ClInclude Include="RoomsBrowserGFx3_RakNet.h">
      <Filter>Main</Filter>
    </ClInclude>
    <ClInclude Include="..\..\..\DependentExtensions\XML\xmlParser.h">
      <Filter>Main</Filter>
    </ClInclude>
    <ClInclude Include="..\..\..\DependentExtensions\Lobby2\Rooms\IntervalTimer.h">
      <Filter>RoomsPlugin</Filter>
    </ClInclude>
    <ClInclude Include="..\..\..\DependentExtensions\Lobby2\Rooms\ProfanityFilter.h">
      <Filter>RoomsPlugin</Filter>
    </ClInclude>
    <ClInclude Include="..\..\..\DependentExtensions\Lobby2\Rooms\RoomsContainer.h">
      <Filter>RoomsPlugin</Filter>
    </ClInclude>
    <ClInclude Include="..\..\..\DependentExtensions\Lobby2\Rooms\RoomsErrorCodes.h">
      <Filter>RoomsPlugin</Filter>
    </ClInclude>
    <ClInclude Include="..\..\..\DependentExtensions\Lobby2\Rooms\RoomsPlugin.h">
      <Filter>RoomsPlugin</Filter>
    </ClInclude>
    <ClInclude Include="..\..\..\DependentExtensions\Lobby2\Rooms\RoomTypes.h">
      <Filter>RoomsPlugin</Filter>
    </ClInclude>
  </ItemGroup>
  <ItemGroup>
    <Text Include="readme.txt" />
  </ItemGroup>
</Project>